{
  "name": "nodeajs",
  "version": "1.0.0",
  "lockfileVersion": 3,
  "requires": true,
  "packages": {
    "": {
      "name": "nodeajs",
      "version": "1.0.0",
      "license": "ISC",
      "dependencies": {
        "@roman13rus/ajs": "^1.0.0"
      }
    },
    "node_modules/@roman13rus/ajs": {
      "version": "1.0.0",
      "resolved": "https://npm.pkg.github.com/download/@roman13rus/ajs/1.0.0/9da0062ea2c114c468af7bf8427e84b23c8e6432",
      "integrity": "sha512-O5tveQP4LyVu/M/twH34em9BeBxPTO9cpX+Ge3E0aOfNfcjvICojx4wFBZmOPhYtd8PyIuUy0VsGXFFmeRwFBQ==",
      "license": "ISC"
    }
  }
}
